{
  "name": "walruskit-monorepo",
  "version": "0.1.0",
  "lockfileVersion": 3,
  "requires": true,
  "packages": {
    "": {
      "name": "walruskit-monorepo",
      "version": "0.1.0",
      "workspaces": [
        "packages/*"
      ],
      "devDependencies": {
        "typescript": "^5.7.2"
      }
    },
    "node_modules/@walruskit/agent": {
      "resolved": "packages/agent",
      "link": true
    },
    "node_modules/@walruskit/cli": {
      "resolved": "packages/cli",
      "link": true
    },
    "node_modules/@walruskit/core": {
      "resolved": "packages/core",
      "link": true
    },
    "node_modules/@walruskit/crypto": {
      "resolved": "packages/crypto",
      "link": true
    },
    "node_modules/@walruskit/docs": {
      "resolved": "packages/docs",
      "link": true
    },
    "node_modules/@walruskit/headless": {
      "resolved": "packages/headless",
      "link": true
    },
    "node_modules/@walruskit/mcp": {
      "resolved": "packages/mcp",
      "link": true
    },
    "node_modules/@walruskit/move": {
      "resolved": "packages/move",
      "link": true
    },
    "node_modules/@walruskit/next": {
      "resolved": "packages/next",
      "link": true
    },
    "node_modules/@walruskit/policies": {
      "resolved": "packages/policies",
      "link": true
    },
    "node_modules/@walruskit/react": {
      "resolved": "packages/react",
      "link": true
    },
    "node_modules/@walruskit/sdk": {
      "resolved": "packages/sdk",
      "link": true
    },
    "node_modules/@walruskit/sui": {
      "resolved": "packages/sui",
      "link": true
    },
    "node_modules/@walruskit/tatum": {
      "resolved": "packages/tatum",
      "link": true
    },
    "node_modules/@walruskit/ui": {
      "resolved": "packages/ui",
      "link": true
    },
    "node_modules/@walruskit/verifier": {
      "resolved": "packages/verifier",
      "link": true
    },
    "node_modules/@walruskit/wallet-sui": {
      "resolved": "packages/wallet-sui",
      "link": true
    },
    "node_modules/@walruskit/walrus": {
      "resolved": "packages/walrus",
      "link": true
    },
    "node_modules/create-walruskit": {
      "resolved": "packages/create-walruskit",
      "link": true
    },
    "node_modules/typescript": {
      "version": "5.9.3",
      "resolved": "https://registry.npmjs.org/typescript/-/typescript-5.9.3.tgz",
      "integrity": "sha512-jl1vZzPDinLr9eUt3J/t7V6FgNEw9QjvBPdysz9KfQDD41fQrC2Y4vKQdiaUpFT4bXlb1RHhLpp8wtm6M5TgSw==",
      "dev": true,
      "license": "Apache-2.0",
      "bin": {
        "tsc": "bin/tsc",
        "tsserver": "bin/tsserver"
      },
      "engines": {
        "node": ">=14.17"
      }
    },
    "packages/agent": {
      "name": "@walruskit/agent",
      "version": "0.1.0",
      "dependencies": {
        "@walruskit/headless": "0.1.0",
        "@walruskit/sui": "0.1.0"
      },
      "devDependencies": {
        "typescript": "^5.7.2"
      }
    },
    "packages/cli": {
      "name": "@walruskit/cli",
      "version": "0.1.0",
      "dependencies": {
        "@walruskit/core": "0.1.0",
        "@walruskit/policies": "0.1.0",
        "@walruskit/sdk": "0.1.0",
        "@walruskit/sui": "0.1.0",
        "@walruskit/tatum": "0.1.0"
      },
      "bin": {
        "walruskit": "bin/walruskit.js"
      },
      "devDependencies": {
        "typescript": "^5.7.2"
      }
    },
    "packages/core": {
      "name": "@walruskit/core",
      "version": "0.1.0",
      "devDependencies": {
        "typescript": "^5.7.2"
      }
    },
    "packages/create-walruskit": {
      "version": "0.1.0",
      "bin": {
        "create-walruskit": "bin/create-walruskit.js"
      },
      "devDependencies": {
        "typescript": "^5.7.2"
      }
    },
    "packages/crypto": {
      "name": "@walruskit/crypto",
      "version": "0.1.0",
      "devDependencies": {
        "typescript": "^5.7.2"
      }
    },
    "packages/docs": {
      "name": "@walruskit/docs",
      "version": "0.1.0",
      "devDependencies": {
        "typescript": "^5.7.2"
      }
    },
    "packages/headless": {
      "name": "@walruskit/headless",
      "version": "0.1.0",
      "dependencies": {
        "@walruskit/core": "0.1.0"
      },
      "devDependencies": {
        "typescript": "^5.7.2"
      }
    },
    "packages/mcp": {
      "name": "@walruskit/mcp",
      "version": "0.1.0",
      "dependencies": {
        "@walruskit/headless": "0.1.0",
        "@walruskit/sdk": "0.1.0"
      },
      "bin": {
        "walruskit-mcp": "bin/walruskit-mcp.js"
      },
      "devDependencies": {
        "typescript": "^5.7.2"
      }
    },
    "packages/move": {
      "name": "@walruskit/move",
      "version": "0.1.0"
    },
    "packages/next": {
      "name": "@walruskit/next",
      "version": "0.1.0",
      "dependencies": {
        "@walruskit/sdk": "0.1.0"
      },
      "devDependencies": {
        "typescript": "^5.7.2"
      }
    },
    "packages/policies": {
      "name": "@walruskit/policies",
      "version": "0.1.0",
      "dependencies": {
        "@walruskit/core": "0.1.0"
      },
      "devDependencies": {
        "typescript": "^5.7.2"
      }
    },
    "packages/react": {
      "name": "@walruskit/react",
      "version": "0.1.0",
      "dependencies": {
        "@walruskit/headless": "0.1.0",
        "@walruskit/sdk": "0.1.0"
      },
      "devDependencies": {
        "typescript": "^5.7.2"
      }
    },
    "packages/sdk": {
      "name": "@walruskit/sdk",
      "version": "0.1.0",
      "dependencies": {
        "@walruskit/core": "0.1.0",
        "@walruskit/crypto": "0.1.0",
        "@walruskit/sui": "0.1.0",
        "@walruskit/tatum": "0.1.0",
        "@walruskit/walrus": "0.1.0"
      },
      "devDependencies": {
        "typescript": "^5.7.2"
      }
    },
    "packages/sui": {
      "name": "@walruskit/sui",
      "version": "0.1.0",
      "dependencies": {
        "@walruskit/core": "0.1.0",
        "@walruskit/tatum": "0.1.0"
      },
      "devDependencies": {
        "typescript": "^5.7.2"
      }
    },
    "packages/tatum": {
      "name": "@walruskit/tatum",
      "version": "0.1.0",
      "devDependencies": {
        "typescript": "^5.7.2"
      }
    },
    "packages/ui": {
      "name": "@walruskit/ui",
      "version": "0.1.0",
      "dependencies": {
        "@walruskit/headless": "0.1.0"
      },
      "devDependencies": {
        "typescript": "^5.7.2"
      }
    },
    "packages/verifier": {
      "name": "@walruskit/verifier",
      "version": "0.1.0",
      "dependencies": {
        "@walruskit/core": "0.1.0",
        "@walruskit/crypto": "0.1.0",
        "@walruskit/walrus": "0.1.0"
      },
      "devDependencies": {
        "typescript": "^5.7.2"
      }
    },
    "packages/wallet-sui": {
      "name": "@walruskit/wallet-sui",
      "version": "0.1.0",
      "dependencies": {
        "@walruskit/sui": "0.1.0"
      },
      "devDependencies": {
        "typescript": "^5.7.2"
      }
    },
    "packages/walrus": {
      "name": "@walruskit/walrus",
      "version": "0.1.0",
      "dependencies": {
        "@walruskit/core": "0.1.0"
      },
      "devDependencies": {
        "typescript": "^5.7.2"
      }
    }
  }
}
